// !$*UTF8*$!
{
	archiveVersion = 1;
	classes = {
	};
	objectVersion = 50;
	objects = {

/* Begin PBXBuildFile section */
		1953F64121BF647A00502DE9 /* GlPlayerView.m in Sources */ = {isa = PBXBuildFile; fileRef = 1953F63C21BF647A00502DE9 /* GlPlayerView.m */; };
		1953F64221BF647A00502DE9 /* GlControlView.m in Sources */ = {isa = PBXBuildFile; fileRef = 1953F63D21BF647A00502DE9 /* GlControlView.m */; };
		1953F64321BF647A00502DE9 /* GlAVPlayer.m in Sources */ = {isa = PBXBuildFile; fileRef = 1953F63E21BF647A00502DE9 /* GlAVPlayer.m */; };
		196A628521BA24F3007FA430 /* AppDelegate.m in Sources */ = {isa = PBXBuildFile; fileRef = 196A628421BA24F3007FA430 /* AppDelegate.m */; };
		196A628821BA24F3007FA430 /* ViewController.m in Sources */ = {isa = PBXBuildFile; fileRef = 196A628721BA24F3007FA430 /* ViewController.m */; };
		196A628B21BA24F3007FA430 /* Main.storyboard in Resources */ = {isa = PBXBuildFile; fileRef = 196A628921BA24F3007FA430 /* Main.storyboard */; };
		196A628D21BA24F5007FA430 /* Assets.xcassets in Resources */ = {isa = PBXBuildFile; fileRef = 196A628C21BA24F5007FA430 /* Assets.xcassets */; };
		196A629021BA24F5007FA430 /* LaunchScreen.storyboard in Resources */ = {isa = PBXBuildFile; fileRef = 196A628E21BA24F5007FA430 /* LaunchScreen.storyboard */; };
		196A629321BA24F5007FA430 /* main.m in Sources */ = {isa = PBXBuildFile; fileRef = 196A629221BA24F5007FA430 /* main.m */; };
		23E0E16C7AB80EAB7350166B /* libPods-GlVideoPlayer.a in Frameworks */ = {isa = PBXBuildFile; fileRef = 92E1D7C1ECB12477C9687DF7 /* libPods-GlVideoPlayer.a */; };
/* End PBXBuildFile section */

/* Begin PBXFileReference section */
		12BF5C83D9A40E7B199A03B5 /* Pods-GlVideoPlayer.debug.xcconfig */ = {isa = PBXFileReference; includeInIndex = 1; lastKnownFileType = text.xcconfig; name = "Pods-GlVideoPlayer.debug.xcconfig"; path = "Pods/Target Support Files/Pods-GlVideoPlayer/Pods-GlVideoPlayer.debug.xcconfig"; sourceTree = "<group>"; };
		1953F63A21BF647A00502DE9 /* GlAVPlayer.h */ = {isa = PBXFileReference; fileEncoding = 4; lastKnownFileType = sourcecode.c.h; path = GlAVPlayer.h; sourceTree = "<group>"; };
		1953F63B21BF647A00502DE9 /* GlControlView.h */ = {isa = PBXFileReference; fileEncoding = 4; lastKnownFileType = sourcecode.c.h; path = GlControlView.h; sourceTree = "<group>"; };
		1953F63C21BF647A00502DE9 /* GlPlayerView.m */ = {isa = PBXFileReference; fileEncoding = 4; lastKnownFileType = sourcecode.c.objc; path = GlPlayerView.m; sourceTree = "<group>"; };
		1953F63D21BF647A00502DE9 /* GlControlView.m */ = {isa = PBXFileReference; fileEncoding = 4; lastKnownFileType = sourcecode.c.objc; path = GlControlView.m; sourceTree = "<group>"; };
		1953F63E21BF647A00502DE9 /* GlAVPlayer.m */ = {isa = PBXFileReference; fileEncoding = 4; lastKnownFileType = sourcecode.c.objc; path = GlAVPlayer.m; sourceTree = "<group>"; };
		1953F63F21BF647A00502DE9 /* GlPlayerView.h */ = {isa = PBXFileReference; fileEncoding = 4; lastKnownFileType = sourcecode.c.h; path = GlPlayerView.h; sourceTree = "<group>"; };
		1953F64021BF647A00502DE9 /* GlCommHeader.h */ = {isa = PBXFileReference; fileEncoding = 4; lastKnownFileType = sourcecode.c.h; path = GlCommHeader.h; sourceTree = "<group>"; };
		196A628021BA24F3007FA430 /* GlVideoPlayer.app */ = {isa = PBXFileReference; explicitFileType = wrapper.application; includeInIndex = 0; path = GlVideoPlayer.app; sourceTree = BUILT_PRODUCTS_DIR; };
		196A628321BA24F3007FA430 /* AppDelegate.h */ = {isa = PBXFileReference; lastKnownFileType = sourcecode.c.h; path = AppDelegate.h; sourceTree = "<group>"; };
		196A628421BA24F3007FA430 /* AppDelegate.m */ = {isa = PBXFileReference; lastKnownFileType = sourcecode.c.objc; path = AppDelegate.m; sourceTree = "<group>"; };
		196A628621BA24F3007FA430 /* ViewController.h */ = {isa = PBXFileReference; lastKnownFileType = sourcecode.c.h; path = ViewController.h; sourceTree = "<group>"; };
		196A628721BA24F3007FA430 /* ViewController.m */ = {isa = PBXFileReference; lastKnownFileType = sourcecode.c.objc; path = ViewController.m; sourceTree = "<group>"; };
		196A628A21BA24F3007FA430 /* Base */ = {isa = PBXFileReference; lastKnownFileType = file.storyboard; name = Base; path = Base.lproj/Main.storyboard; sourceTree = "<group>"; };
		196A628C21BA24F5007FA430 /* Assets.xcassets */ = {isa = PBXFileReference; lastKnownFileType = folder.assetcatalog; path = Assets.xcassets; sourceTree = "<group>"; };
		196A628F21BA24F5007FA430 /* Base */ = {isa = PBXFileReference; lastKnownFileType = file.storyboard; name = Base; path = Base.lproj/LaunchScreen.storyboard; sourceTree = "<group>"; };
		196A629121BA24F5007FA430 /* Info.plist */ = {isa = PBXFileReference; lastKnownFileType = text.plist.xml; path = Info.plist; sourceTree = "<group>"; };
		196A629221BA24F5007FA430 /* main.m */ = {isa = PBXFileReference; lastKnownFileType = sourcecode.c.objc; path = main.m; sourceTree = "<group>"; };
		42CBF7C5B52483426E904E41 /* Pods-GlVideoPlayer.release.xcconfig */ = {isa = PBXFileReference; includeInIndex = 1; lastKnownFileType = text.xcconfig; name = "Pods-GlVideoPlayer.release.xcconfig"; path = "Pods/Target Support Files/Pods-GlVideoPlayer/Pods-GlVideoPlayer.release.xcconfig"; sourceTree = "<group>"; };
		92E1D7C1ECB12477C9687DF7 /* libPods-GlVideoPlayer.a */ = {isa = PBXFileReference; explicitFileType = archive.ar; includeInIndex = 0; path = "libPods-GlVideoPlayer.a"; sourceTree = BUILT_PRODUCTS_DIR; };
/* End PBXFileReference section */

/* Begin PBXFrameworksBuildPhase section */
		196A627D21BA24F3007FA430 /* Frameworks */ = {
			isa = PBXFrameworksBuildPhase;
			buildActionMask = 2147483647;
			files = (
				23E0E16C7AB80EAB7350166B /* libPods-GlVideoPlayer.a in Frameworks */,
			);
			runOnlyForDeploymentPostprocessing = 0;
		};
/* End PBXFrameworksBuildPhase section */

/* Begin PBXGroup section */
		1953F63921BF647A00502DE9 /* GlAVPlayer */ = {
			isa = PBXGroup;
			children = (
				1953F63A21BF647A00502DE9 /* GlAVPlayer.h */,
				1953F63E21BF647A00502DE9 /* GlAVPlayer.m */,
				1953F64021BF647A00502DE9 /* GlCommHeader.h */,
				1953F63B21BF647A00502DE9 /* GlControlView.h */,
				1953F63D21BF647A00502DE9 /* GlControlView.m */,
				1953F63F21BF647A00502DE9 /* GlPlayerView.h */,
				1953F63C21BF647A00502DE9 /* GlPlayerView.m */,
			);
			path = GlAVPlayer;
			sourceTree = "<group>";
		};
		196A627721BA24F3007FA430 = {
			isa = PBXGroup;
			children = (
				196A628221BA24F3007FA430 /* GlVideoPlayer */,
				196A628121BA24F3007FA430 /* Products */,
				4BE7036E5D03EA5C17505788 /* Pods */,
				F3C9DC827F38B9AB942086E8 /* Frameworks */,
			);
			sourceTree = "<group>";
		};
		196A628121BA24F3007FA430 /* Products */ = {
			isa = PBXGroup;
			children = (
				196A628021BA24F3007FA430 /* GlVideoPlayer.app */,
			);
			name = Products;
			sourceTree = "<group>";
		};
		196A628221BA24F3007FA430 /* GlVideoPlayer */ = {
			isa = PBXGroup;
			children = (
				1953F63921BF647A00502DE9 /* GlAVPlayer */,
				196A628321BA24F3007FA430 /* AppDelegate.h */,
				196A628421BA24F3007FA430 /* AppDelegate.m */,
				196A628621BA24F3007FA430 /* ViewController.h */,
				196A628721BA24F3007FA430 /* ViewController.m */,
				196A628921BA24F3007FA430 /* Main.storyboard */,
				196A628C21BA24F5007FA430 /* Assets.xcassets */,
				196A628E21BA24F5007FA430 /* LaunchScreen.storyboard */,
				196A629121BA24F5007FA430 /* Info.plist */,
				196A629221BA24F5007FA430 /* main.m */,
			);
			path = GlVideoPlayer;
			sourceTree = "<group>";
		};
		4BE7036E5D03EA5C17505788 /* Pods */ = {
			isa = PBXGroup;
			children = (
				12BF5C83D9A40E7B199A03B5 /* Pods-GlVideoPlayer.debug.xcconfig */,
				42CBF7C5B52483426E904E41 /* Pods-GlVideoPlayer.release.xcconfig */,
			);
			name = Pods;
			sourceTree = "<group>";
		};
		F3C9DC827F38B9AB942086E8 /* Frameworks */ = {
			isa = PBXGroup;
			children = (
				92E1D7C1ECB12477C9687DF7 /* libPods-GlVideoPlayer.a */,
			);
			name = Frameworks;
			sourceTree = "<group>";
		};
/* End PBXGroup section */

/* Begin PBXNativeTarget section */
		196A627F21BA24F3007FA430 /* GlVideoPlayer */ = {
			isa = PBXNativeTarget;
			buildConfigurationList = 196A629621BA24F5007FA430 /* Build configuration list for PBXNativeTarget "GlVideoPlayer" */;
			buildPhases = (
				C81F28BC673BD9F6862A0263 /* [CP] Check Pods Manifest.lock */,
				196A627C21BA24F3007FA430 /* Sources */,
				196A627D21BA24F3007FA430 /* Frameworks */,
				196A627E21BA24F3007FA430 /* Resources */,
			);
			buildRules = (
			);
			dependencies = (
			);
			name = GlVideoPlayer;
			productName = GlVideoPlayer;
			productReference = 196A628021BA24F3007FA430 /* GlVideoPlayer.app */;
			productType = "com.apple.product-type.application";
		};
/* End PBXNativeTarget section */

/* Begin PBXProject section */
		196A627821BA24F3007FA430 /* Project object */ = {
			isa = PBXProject;
			attributes = {
				LastUpgradeCheck = 1000;
				ORGANIZATIONNAME = gleeeli;
				TargetAttributes = {
					196A627F21BA24F3007FA430 = {
						CreatedOnToolsVersion = 10.0;
					};
				};
			};
			buildConfigurationList = 196A627B21BA24F3007FA430 /* Build configuration list for PBXProject "GlVideoPlayer" */;
			compatibilityVersion = "Xcode 9.3";
			developmentRegion = en;
			hasScannedForEncodings = 0;
			knownRegions = (
				en,
				Base,
			);
			mainGroup = 196A627721BA24F3007FA430;
			productRefGroup = 196A628121BA24F3007FA430 /* Products */;
			projectDirPath = "";
			projectRoot = "";
			targets = (
				196A627F21BA24F3007FA430 /* GlVideoPlayer */,
			);
		};
/* End PBXProject section */

/* Begin PBXResourcesBuildPhase section */
		196A627E21BA24F3007FA430 /* Resources */ = {
			isa = PBXResourcesBuildPhase;
			buildActionMask = 2147483647;
			files = (
				196A629021BA24F5007FA430 /* LaunchScreen.storyboard in Resources */,
				196A628D21BA24F5007FA430 /* Assets.xcassets in Resources */,
				196A628B21BA24F3007FA430 /* Main.storyboard in Resources */,
			);
			runOnlyForDeploymentPostprocessing = 0;
		};
/* End PBXResourcesBuildPhase section */

/* Begin PBXShellScriptBuildPhase section */
		C81F28BC673BD9F6862A0263 /* [CP] Check Pods Manifest.lock */ = {
			isa = PBXShellScriptBuildPhase;
			buildActionMask = 2147483647;
			files = (
			);
			inputPaths = (
				"${PODS_PODFILE_DIR_PATH}/Podfile.lock",
				"${PODS_ROOT}/Manifest.lock",
			);
			name = "[CP] Check Pods Manifest.lock";
			outputPaths = (
				"$(DERIVED_FILE_DIR)/Pods-GlVideoPlayer-checkManifestLockResult.txt",
			);
			runOnlyForDeploymentPostprocessing = 0;
			shellPath = /bin/sh;
			shellScript = "diff \"${PODS_PODFILE_DIR_PATH}/Podfile.lock\" \"${PODS_ROOT}/Manifest.lock\" > /dev/null\nif [ $? != 0 ] ; then\n    # print error to STDERR\n    echo \"error: The sandbox is not in sync with the Podfile.lock. Run 'pod install' or update your CocoaPods installation.\" >&2\n    exit 1\nfi\n# This output is used by Xcode 'outputs' to avoid re-running this script phase.\necho \"SUCCESS\" > \"${SCRIPT_OUTPUT_FILE_0}\"\n";
			showEnvVarsInLog = 0;
		};
/* End PBXShellScriptBuildPhase section */

/* Begin PBXSourcesBuildPhase section */
		196A627C21BA24F3007FA430 /* Sources */ = {
			isa = PBXSourcesBuildPhase;
			buildActionMask = 2147483647;
			files = (
				1953F64321BF647A00502DE9 /* GlAVPlayer.m in Sources */,
				1953F64121BF647A00502DE9 /* GlPlayerView.m in Sources */,
				196A628821BA24F3007FA430 /* ViewController.m in Sources */,
				1953F64221BF647A00502DE9 /* GlControlView.m in Sources */,
				196A629321BA24F5007FA430 /* main.m in Sources */,
				196A628521BA24F3007FA430 /* AppDelegate.m in Sources */,
			);
			runOnlyForDeploymentPostprocessing = 0;
		};
/* End PBXSourcesBuildPhase section */

/* Begin PBXVariantGroup section */
		196A628921BA24F3007FA430 /* Main.storyboard */ = {
			isa = PBXVariantGroup;
			children = (
				196A628A21BA24F3007FA430 /* Base */,
			);
			name = Main.storyboard;
			sourceTree = "<group>";
		};
		196A628E21BA24F5007FA430 /* LaunchScreen.storyboard */ = {
			isa = PBXVariantGroup;
			children = (
				196A628F21BA24F5007FA430 /* Base */,
			);
			name = LaunchScreen.storyboard;
			sourceTree = "<group>";
		};
/* End PBXVariantGroup section */

/* Begin XCBuildConfiguration section */
		196A629421BA24F5007FA430 /* Debug */ = {
			isa = XCBuildConfiguration;
			buildSettings = {
				ALWAYS_SEARCH_USER_PATHS = NO;
				CLANG_ANALYZER_NONNULL = YES;
				CLANG_ANALYZER_NUMBER_OBJECT_CONVERSION = YES_AGGRESSIVE;
				CLANG_CXX_LANGUAGE_STANDARD = "gnu++14";
				CLANG_CXX_LIBRARY = "libc++";
				CLANG_ENABLE_MODULES = YES;
				CLANG_ENABLE_OBJC_ARC = YES;
				CLANG_ENABLE_OBJC_WEAK = YES;
				CLANG_WARN_BLOCK_CAPTURE_AUTORELEASING = YES;
				CLANG_WARN_BOOL_CONVERSION = YES;
				CLANG_WARN_COMMA = YES;
				CLANG_WARN_CONSTANT_CONVERSION = YES;
				CLANG_WARN_DEPRECATED_OBJC_IMPLEMENTATIONS = YES;
				CLANG_WARN_DIRECT_OBJC_ISA_USAGE = YES_ERROR;
				CLANG_WARN_DOCUMENTATION_COMMENTS = YES;
				CLANG_WARN_EMPTY_BODY = YES;
				CLANG_WARN_ENUM_CONVERSION = YES;
				CLANG_WARN_INFINITE_RECURSION = YES;
				CLANG_WARN_INT_CONVERSION = YES;
				CLANG_WARN_NON_LITERAL_NULL_CONVERSION = YES;
				CLANG_WARN_OBJC_IMPLICIT_RETAIN_SELF = YES;
				CLANG_WARN_OBJC_LITERAL_CONVERSION = YES;
				CLANG_WARN_OBJC_ROOT_CLASS = YES_ERROR;
				CLANG_WARN_RANGE_LOOP_ANALYSIS = YES;
				CLANG_WARN_STRICT_PROTOTYPES = YES;
				CLANG_WARN_SUSPICIOUS_MOVE = YES;
				CLANG_WARN_UNGUARDED_AVAILABILITY = YES_AGGRESSIVE;
				CLANG_WARN_UNREACHABLE_CODE = YES;
				CLANG_WARN__DUPLICATE_METHOD_MATCH = YES;
				CODE_SIGN_IDENTITY = "iPhone Developer";
				COPY_PHASE_STRIP = NO;
				DEBUG_INFORMATION_FORMAT = dwarf;
				ENABLE_STRICT_OBJC_MSGSEND = YES;
				ENABLE_TESTABILITY = YES;
				GCC_C_LANGUAGE_STANDARD = gnu11;
				GCC_DYNAMIC_NO_PIC = NO;
				GCC_NO_COMMON_BLOCKS = YES;
				GCC_OPTIMIZATION_LEVEL = 0;
				GCC_PREPROCESSOR_DEFINITIONS = (
					"DEBUG=1",
					"$(inherited)",
				);
				GCC_WARN_64_TO_32_BIT_CONVERSION = YES;
				GCC_WARN_ABOUT_RETURN_TYPE = YES_ERROR;
				GCC_WARN_UNDECLARED_SELECTOR = YES;
				GCC_WARN_UNINITIALIZED_AUTOS = YES_AGGRESSIVE;
				GCC_WARN_UNUSED_FUNCTION = YES;
				GCC_WARN_UNUSED_VARIABLE = YES;
				IPHONEOS_DEPLOYMENT_TARGET = 12.0;
				MTL_ENABLE_DEBUG_INFO = INCLUDE_SOURCE;
				MTL_FAST_MATH = YES;
				ONLY_ACTIVE_ARCH = YES;
				SDKROOT = iphoneos;
			};
			name = Debug;
		};
		196A629521BA24F5007FA430 /* Release */ = {
			isa = XCBuildConfiguration;
			buildSettings = {
				ALWAYS_SEARCH_USER_PATHS = NO;
				CLANG_ANALYZER_NONNULL = YES;
				CLANG_ANALYZER_NUMBER_OBJECT_CONVERSION = YES_AGGRESSIVE;
				CLANG_CXX_LANGUAGE_STANDARD = "gnu++14";
				CLANG_CXX_LIBRARY = "libc++";
				CLANG_ENABLE_MODULES = YES;
				CLANG_ENABLE_OBJC_ARC = YES;
				CLANG_ENABLE_OBJC_WEAK = YES;
				CLANG_WARN_BLOCK_CAPTURE_AUTORELEASING = YES;
				CLANG_WARN_BOOL_CONVERSION = YES;
				CLANG_WARN_COMMA = YES;
				CLANG_WARN_CONSTANT_CONVERSION = YES;
				CLANG_WARN_DEPRECATED_OBJC_IMPLEMENTATIONS = YES;
				CLANG_WARN_DIRECT_OBJC_ISA_USAGE = YES_ERROR;
				CLANG_WARN_DOCUMENTATION_COMMENTS = YES;
				CLANG_WARN_EMPTY_BODY = YES;
				CLANG_WARN_ENUM_CONVERSION = YES;
				CLANG_WARN_INFINITE_RECURSION = YES;
				CLANG_WARN_INT_CONVERSION = YES;
				CLANG_WARN_NON_LITERAL_NULL_CONVERSION = YES;
				CLANG_WARN_OBJC_IMPLICIT_RETAIN_SELF = YES;
				CLANG_WARN_OBJC_LITERAL_CONVERSION = YES;
				CLANG_WARN_OBJC_ROOT_CLASS = YES_ERROR;
				CLANG_WARN_RANGE_LOOP_ANALYSIS = YES;
				CLANG_WARN_STRICT_PROTOTYPES = YES;
				CLANG_WARN_SUSPICIOUS_MOVE = YES;
				CLANG_WARN_UNGUARDED_AVAILABILITY = YES_AGGRESSIVE;
				CLANG_WARN_UNREACHABLE_CODE = YES;
				CLANG_WARN__DUPLICATE_METHOD_MATCH = YES;
				CODE_SIGN_IDENTITY = "iPhone Developer";
				COPY_PHASE_STRIP = NO;
				DEBUG_INFORMATION_FORMAT = "dwarf-with-dsym";
				ENABLE_NS_ASSERTIONS = NO;
				ENABLE_STRICT_OBJC_MSGSEND = YES;
				GCC_C_LANGUAGE_STANDARD = gnu11;
				GCC_NO_COMMON_BLOCKS = YES;
				GCC_WARN_64_TO_32_BIT_CONVERSION = YES;
				GCC_WARN_ABOUT_RETURN_TYPE = YES_ERROR;
				GCC_WARN_UNDECLARED_SELECTOR = YES;
				GCC_WARN_UNINITIALIZED_AUTOS = YES_AGGRESSIVE;
				GCC_WARN_UNUSED_FUNCTION = YES;
				GCC_WARN_UNUSED_VARIABLE = YES;
				IPHONEOS_DEPLOYMENT_TARGET = 12.0;
				MTL_ENABLE_DEBUG_INFO = NO;
				MTL_FAST_MATH = YES;
				SDKROOT = iphoneos;
				VALIDATE_PRODUCT = YES;
			};
			name = Release;
		};
		196A629721BA24F5007FA430 /* Debug */ = {
			isa = XCBuildConfiguration;
			baseConfigurationReference = 12BF5C83D9A40E7B199A03B5 /* Pods-GlVideoPlayer.debug.xcconfig */;
			buildSettings = {
				ASSETCATALOG_COMPILER_APPICON_NAME = AppIcon;
				CODE_SIGN_STYLE = Automatic;
				INFOPLIST_FILE = GlVideoPlayer/Info.plist;
				IPHONEOS_DEPLOYMENT_TARGET = 9.0;
				LD_RUNPATH_SEARCH_PATHS = (
					"$(inherited)",
					"@executable_path/Frameworks",
				);
				PRODUCT_BUNDLE_IDENTIFIER = gleeeli.GlVideoPlayer;
				PRODUCT_NAME = "$(TARGET_NAME)";
				TARGETED_DEVICE_FAMILY = "1,2";
			};
			name = Debug;
		};
		196A629821BA24F5007FA430 /* Release */ = {
			isa = XCBuildConfiguration;
			baseConfigurationReference = 42CBF7C5B52483426E904E41 /* Pods-GlVideoPlayer.release.xcconfig */;
			buildSettings = {
				ASSETCATALOG_COMPILER_APPICON_NAME = AppIcon;
				CODE_SIGN_STYLE = Automatic;
				INFOPLIST_FILE = GlVideoPlayer/Info.plist;
				IPHONEOS_DEPLOYMENT_TARGET = 9.0;
				LD_RUNPATH_SEARCH_PATHS = (
					"$(inherited)",
					"@executable_path/Frameworks",
				);
				PRODUCT_BUNDLE_IDENTIFIER = gleeeli.GlVideoPlayer;
				PRODUCT_NAME = "$(TARGET_NAME)";
				TARGETED_DEVICE_FAMILY = "1,2";
			};
			name = Release;
		};
/* End XCBuildConfiguration section */

/* Begin XCConfigurationList section */
		196A627B21BA24F3007FA430 /* Build configuration list for PBXProject "GlVideoPlayer" */ = {
			isa = XCConfigurationList;
			buildConfigurations = (
				196A629421BA24F5007FA430 /* Debug */,
				196A629521BA24F5007FA430 /* Release */,
			);
			defaultConfigurationIsVisible = 0;
			defaultConfigurationName = Release;
		};
		196A629621BA24F5007FA430 /* Build configuration list for PBXNativeTarget "GlVideoPlayer" */ = {
			isa = XCConfigurationList;
			buildConfigurations = (
				196A629721BA24F5007FA430 /* Debug */,
				196A629821BA24F5007FA430 /* Release */,
			);
			defaultConfigurationIsVisible = 0;
			defaultConfigurationName = Release;
		};
/* End XCConfigurationList section */
	};
	rootObject = 196A627821BA24F3007FA430 /* Project object */;
}
